
Microsoft Visual Studio Solution File, Format Version 12.00
# Visual Studio 2013
VisualStudioVersion = 12.0.30501.0
MinimumVisualStudioVersion = 10.0.40219.1
Project("{FAE04EC0-301F-11D3-BF4B-00C04F79EFBC}") = "SearchEngine", "SearchEngine\SearchEngine.csproj", "{DD11B3AD-6DA5-4FDB-9AC2-A71F5906EFED}"
EndProject
Project("{FAE04EC0-301F-11D3-BF4B-00C04F79EFBC}") = "TestLucene", "TestLucene\TestLucene.csproj", "{B4C1E319-A061-4B47-B869-804F6E191F08}"
EndProject
Global
	GlobalSection(SolutionConfigurationPlatforms) = preSolution
		Debug|Any CPU = Debug|Any CPU
		Release|Any CPU = Release|Any CPU
	EndGlobalSection
	GlobalSection(ProjectConfigurationPlatforms) = postSolution
		{DD11B3AD-6DA5-4FDB-9AC2-A71F5906EFED}.Debug|Any CPU.ActiveCfg = Debug|Any CPU
		{DD11B3AD-6DA5-4FDB-9AC2-A71F5906EFED}.Debug|Any CPU.Build.0 = Debug|Any CPU
		{DD11B3AD-6DA5-4FDB-9AC2-A71F5906EFED}.Release|Any CPU.ActiveCfg = Release|Any CPU
		{DD11B3AD-6DA5-4FDB-9AC2-A71F5906EFED}.Release|Any CPU.Build.0 = Release|Any CPU
		{B4C1E319-A061-4B47-B869-804F6E191F08}.Debug|Any CPU.ActiveCfg = Debug|Any CPU
		{B4C1E319-A061-4B47-B869-804F6E191F08}.Debug|Any CPU.Build.0 = Debug|Any CPU
		{B4C1E319-A061-4B47-B869-804F6E191F08}.Release|Any CPU.ActiveCfg = Release|Any CPU
		{B4C1E319-A061-4B47-B869-804F6E191F08}.Release|Any CPU.Build.0 = Release|Any CPU
	EndGlobalSection
	GlobalSection(SolutionProperties) = preSolution
		HideSolutionNode = FALSE
	EndGlobalSection
EndGlobal
